
Microsoft Visual Studio Solution File, Format Version 12.00
# Visual Studio 15
VisualStudioVersion = 15.0.27004.2005
MinimumVisualStudioVersion = 10.0.40219.1
Project("{FAE04EC0-301F-11D3-BF4B-00C04F79EFBC}") = "AirMonit_DU", "AitMonit_DU\AirMonit_DU.csproj", "{E6BB87F6-C123-4628-AF0D-7D837682895A}"
EndProject
Project("{FAE04EC0-301F-11D3-BF4B-00C04F79EFBC}") = "AirMonit_DLog", "AirMonit_DLog\AirMonit_DLog.csproj", "{428C32FF-3BFD-498F-A2DE-66CCFAB3A465}"
EndProject
Project("{FAE04EC0-301F-11D3-BF4B-00C04F79EFBC}") = "AirMonit_Alarm", "AirMonit_Alarm\AirMonit_Alarm.csproj", "{5A156A17-25AE-440E-8C32-4C924F25C686}"
EndProject
Project("{FAE04EC0-301F-11D3-BF4B-00C04F79EFBC}") = "AirMonit_Service", "AirMonit_Service\AirMonit_Service.csproj", "{8ACA5B05-F22A-46BA-8D72-D98D158321E5}"
EndProject
Project("{FAE04EC0-301F-11D3-BF4B-00C04F79EFBC}") = "AirMonit_Admin", "AirMonit_Admin\AirMonit_Admin.csproj", "{9125C88E-D051-4C7E-B15E-B0752EFE7372}"
EndProject
Project("{FAE04EC0-301F-11D3-BF4B-00C04F79EFBC}") = "AirMonit_REST_Api", "AirMonit_REST_Api\AirMonit_REST_Api.csproj", "{B81A3BD9-EBB4-4C55-8846-36C826AB2660}"
EndProject
Global
	GlobalSection(SolutionConfigurationPlatforms) = preSolution
		Debug|Any CPU = Debug|Any CPU
		Release|Any CPU = Release|Any CPU
	EndGlobalSection
	GlobalSection(ProjectConfigurationPlatforms) = postSolution
		{E6BB87F6-C123-4628-AF0D-7D837682895A}.Debug|Any CPU.ActiveCfg = Debug|Any CPU
		{E6BB87F6-C123-4628-AF0D-7D837682895A}.Debug|Any CPU.Build.0 = Debug|Any CPU
		{E6BB87F6-C123-4628-AF0D-7D837682895A}.Release|Any CPU.ActiveCfg = Release|Any CPU
		{E6BB87F6-C123-4628-AF0D-7D837682895A}.Release|Any CPU.Build.0 = Release|Any CPU
		{428C32FF-3BFD-498F-A2DE-66CCFAB3A465}.Debug|Any CPU.ActiveCfg = Debug|Any CPU
		{428C32FF-3BFD-498F-A2DE-66CCFAB3A465}.Debug|Any CPU.Build.0 = Debug|Any CPU
		{428C32FF-3BFD-498F-A2DE-66CCFAB3A465}.Release|Any CPU.ActiveCfg = Release|Any CPU
		{428C32FF-3BFD-498F-A2DE-66CCFAB3A465}.Release|Any CPU.Build.0 = Release|Any CPU
		{5A156A17-25AE-440E-8C32-4C924F25C686}.Debug|Any CPU.ActiveCfg = Debug|Any CPU
		{5A156A17-25AE-440E-8C32-4C924F25C686}.Debug|Any CPU.Build.0 = Debug|Any CPU
		{5A156A17-25AE-440E-8C32-4C924F25C686}.Release|Any CPU.ActiveCfg = Release|Any CPU
		{5A156A17-25AE-440E-8C32-4C924F25C686}.Release|Any CPU.Build.0 = Release|Any CPU
		{8ACA5B05-F22A-46BA-8D72-D98D158321E5}.Debug|Any CPU.ActiveCfg = Debug|Any CPU
		{8ACA5B05-F22A-46BA-8D72-D98D158321E5}.Debug|Any CPU.Build.0 = Debug|Any CPU
		{8ACA5B05-F22A-46BA-8D72-D98D158321E5}.Release|Any CPU.ActiveCfg = Release|Any CPU
		{8ACA5B05-F22A-46BA-8D72-D98D158321E5}.Release|Any CPU.Build.0 = Release|Any CPU
		{9125C88E-D051-4C7E-B15E-B0752EFE7372}.Debug|Any CPU.ActiveCfg = Debug|Any CPU
		{9125C88E-D051-4C7E-B15E-B0752EFE7372}.Debug|Any CPU.Build.0 = Debug|Any CPU
		{9125C88E-D051-4C7E-B15E-B0752EFE7372}.Release|Any CPU.ActiveCfg = Release|Any CPU
		{9125C88E-D051-4C7E-B15E-B0752EFE7372}.Release|Any CPU.Build.0 = Release|Any CPU
		{B81A3BD9-EBB4-4C55-8846-36C826AB2660}.Debug|Any CPU.ActiveCfg = Debug|Any CPU
		{B81A3BD9-EBB4-4C55-8846-36C826AB2660}.Debug|Any CPU.Build.0 = Debug|Any CPU
		{B81A3BD9-EBB4-4C55-8846-36C826AB2660}.Release|Any CPU.ActiveCfg = Release|Any CPU
		{B81A3BD9-EBB4-4C55-8846-36C826AB2660}.Release|Any CPU.Build.0 = Release|Any CPU
	EndGlobalSection
	GlobalSection(SolutionProperties) = preSolution
		HideSolutionNode = FALSE
	EndGlobalSection
	GlobalSection(ExtensibilityGlobals) = postSolution
		SolutionGuid = {418C6CBC-6591-4330-B43E-0778C9B6DBE6}
	EndGlobalSection
EndGlobal
