
Microsoft Visual Studio Solution File, Format Version 12.00
# Visual Studio 15
VisualStudioVersion = 15.0.27004.2005
MinimumVisualStudioVersion = 10.0.40219.1
Project("{FAE04EC0-301F-11D3-BF4B-00C04F79EFBC}") = "AirMonit_DU", "AirMonit_DU\AirMonit_DU.csproj", "{97EE0474-679E-4CA0-8BE7-5C744BD9B1D9}"
EndProject
Project("{FAE04EC0-301F-11D3-BF4B-00C04F79EFBC}") = "CommunicationChannelInfrastructure", "CommunicationChannelInfrastructure\CommunicationChannelInfrastructure.csproj", "{05FBD279-3278-407C-80EA-D842F53A7314}"
EndProject
Project("{FAE04EC0-301F-11D3-BF4B-00C04F79EFBC}") = "ConsoleTeste", "ConsoleTeste\ConsoleTeste.csproj", "{3D0511E4-9DB7-473C-9A28-30869C3A907F}"
EndProject
Global
	GlobalSection(SolutionConfigurationPlatforms) = preSolution
		Debug|Any CPU = Debug|Any CPU
		Release|Any CPU = Release|Any CPU
	EndGlobalSection
	GlobalSection(ProjectConfigurationPlatforms) = postSolution
		{97EE0474-679E-4CA0-8BE7-5C744BD9B1D9}.Debug|Any CPU.ActiveCfg = Debug|Any CPU
		{97EE0474-679E-4CA0-8BE7-5C744BD9B1D9}.Debug|Any CPU.Build.0 = Debug|Any CPU
		{97EE0474-679E-4CA0-8BE7-5C744BD9B1D9}.Release|Any CPU.ActiveCfg = Release|Any CPU
		{97EE0474-679E-4CA0-8BE7-5C744BD9B1D9}.Release|Any CPU.Build.0 = Release|Any CPU
		{05FBD279-3278-407C-80EA-D842F53A7314}.Debug|Any CPU.ActiveCfg = Debug|Any CPU
		{05FBD279-3278-407C-80EA-D842F53A7314}.Debug|Any CPU.Build.0 = Debug|Any CPU
		{05FBD279-3278-407C-80EA-D842F53A7314}.Release|Any CPU.ActiveCfg = Release|Any CPU
		{05FBD279-3278-407C-80EA-D842F53A7314}.Release|Any CPU.Build.0 = Release|Any CPU
		{3D0511E4-9DB7-473C-9A28-30869C3A907F}.Debug|Any CPU.ActiveCfg = Debug|Any CPU
		{3D0511E4-9DB7-473C-9A28-30869C3A907F}.Debug|Any CPU.Build.0 = Debug|Any CPU
		{3D0511E4-9DB7-473C-9A28-30869C3A907F}.Release|Any CPU.ActiveCfg = Release|Any CPU
		{3D0511E4-9DB7-473C-9A28-30869C3A907F}.Release|Any CPU.Build.0 = Release|Any CPU
	EndGlobalSection
	GlobalSection(SolutionProperties) = preSolution
		HideSolutionNode = FALSE
	EndGlobalSection
	GlobalSection(ExtensibilityGlobals) = postSolution
		SolutionGuid = {C763AF5C-5D75-4D52-9A0C-64283416D2EA}
	EndGlobalSection
EndGlobal
