
Microsoft Visual Studio Solution File, Format Version 12.00
# Visual Studio 15
VisualStudioVersion = 15.0.27004.2002
MinimumVisualStudioVersion = 10.0.40219.1
Project("{FAE04EC0-301F-11D3-BF4B-00C04F79EFBC}") = "ComunicationChannelTeste", "ComunicationChannelTeste\ComunicationChannelTeste.csproj", "{1E73DAC7-6A5A-4782-A4D3-5B2572B50825}"
EndProject
Project("{FAE04EC0-301F-11D3-BF4B-00C04F79EFBC}") = "AirMonit_DU", "AirMonit_DU\AirMonit_DU.csproj", "{6EEB49AF-2D54-4B8F-91DB-8957200F837F}"
EndProject
Global
	GlobalSection(SolutionConfigurationPlatforms) = preSolution
		Debug|Any CPU = Debug|Any CPU
		Release|Any CPU = Release|Any CPU
	EndGlobalSection
	GlobalSection(ProjectConfigurationPlatforms) = postSolution
		{1E73DAC7-6A5A-4782-A4D3-5B2572B50825}.Debug|Any CPU.ActiveCfg = Debug|Any CPU
		{1E73DAC7-6A5A-4782-A4D3-5B2572B50825}.Debug|Any CPU.Build.0 = Debug|Any CPU
		{1E73DAC7-6A5A-4782-A4D3-5B2572B50825}.Release|Any CPU.ActiveCfg = Release|Any CPU
		{1E73DAC7-6A5A-4782-A4D3-5B2572B50825}.Release|Any CPU.Build.0 = Release|Any CPU
		{6EEB49AF-2D54-4B8F-91DB-8957200F837F}.Debug|Any CPU.ActiveCfg = Debug|Any CPU
		{6EEB49AF-2D54-4B8F-91DB-8957200F837F}.Debug|Any CPU.Build.0 = Debug|Any CPU
		{6EEB49AF-2D54-4B8F-91DB-8957200F837F}.Release|Any CPU.ActiveCfg = Release|Any CPU
		{6EEB49AF-2D54-4B8F-91DB-8957200F837F}.Release|Any CPU.Build.0 = Release|Any CPU
	EndGlobalSection
	GlobalSection(SolutionProperties) = preSolution
		HideSolutionNode = FALSE
	EndGlobalSection
	GlobalSection(ExtensibilityGlobals) = postSolution
		SolutionGuid = {6C128BF1-A9C2-4CC9-A728-58D4ADA62010}
	EndGlobalSection
EndGlobal
